
Microsoft Visual Studio Solution File, Format Version 12.00
# Visual Studio Version 17
VisualStudioVersion = 17.2.32630.192
MinimumVisualStudioVersion = 10.0.40219.1
Project("{FAE04EC0-301F-11D3-BF4B-00C04F79EFBC}") = "ConsoleApp1", "ConsoleApp1\ConsoleApp1.csproj", "{018B1D18-044C-4333-9728-23724FC61EAD}"
EndProject
Global
	GlobalSection(SolutionConfigurationPlatforms) = preSolution
		Debug|Any CPU = Debug|Any CPU
		Release|Any CPU = Release|Any CPU
	EndGlobalSection
	GlobalSection(ProjectConfigurationPlatforms) = postSolution
		{018B1D18-044C-4333-9728-23724FC61EAD}.Debug|Any CPU.ActiveCfg = Debug|Any CPU
		{018B1D18-044C-4333-9728-23724FC61EAD}.Debug|Any CPU.Build.0 = Debug|Any CPU
		{018B1D18-044C-4333-9728-23724FC61EAD}.Release|Any CPU.ActiveCfg = Release|Any CPU
		{018B1D18-044C-4333-9728-23724FC61EAD}.Release|Any CPU.Build.0 = Release|Any CPU
	EndGlobalSection
	GlobalSection(SolutionProperties) = preSolution
		HideSolutionNode = FALSE
	EndGlobalSection
	GlobalSection(ExtensibilityGlobals) = postSolution
		SolutionGuid = {65E0731A-7170-4928-8D8D-6ABA1B275F20}
	EndGlobalSection
EndGlobal
