
Microsoft Visual Studio Solution File, Format Version 12.00
# Visual Studio Version 17
VisualStudioVersion = 17.2.32630.192
MinimumVisualStudioVersion = 10.0.40219.1
Project("{FAE04EC0-301F-11D3-BF4B-00C04F79EFBC}") = "printstar", "printstar\printstar.csproj", "{FCFF58B7-A8DB-4BE8-9516-83F8324C5DE9}"
EndProject
Global
	GlobalSection(SolutionConfigurationPlatforms) = preSolution
		Debug|Any CPU = Debug|Any CPU
		Release|Any CPU = Release|Any CPU
	EndGlobalSection
	GlobalSection(ProjectConfigurationPlatforms) = postSolution
		{FCFF58B7-A8DB-4BE8-9516-83F8324C5DE9}.Debug|Any CPU.ActiveCfg = Debug|Any CPU
		{FCFF58B7-A8DB-4BE8-9516-83F8324C5DE9}.Debug|Any CPU.Build.0 = Debug|Any CPU
		{FCFF58B7-A8DB-4BE8-9516-83F8324C5DE9}.Release|Any CPU.ActiveCfg = Release|Any CPU
		{FCFF58B7-A8DB-4BE8-9516-83F8324C5DE9}.Release|Any CPU.Build.0 = Release|Any CPU
	EndGlobalSection
	GlobalSection(SolutionProperties) = preSolution
		HideSolutionNode = FALSE
	EndGlobalSection
	GlobalSection(ExtensibilityGlobals) = postSolution
		SolutionGuid = {1FAABD71-C651-4A42-83FC-F31CAD4701BC}
	EndGlobalSection
EndGlobal
